
Microsoft Visual Studio Solution File, Format Version 12.00
# Visual Studio Version 16
VisualStudioVersion = 16.0.31729.503
MinimumVisualStudioVersion = 10.0.40219.1
Project("{FAE04EC0-301F-11D3-BF4B-00C04F79EFBC}") = "WebJWTToken", "WebJWTToken\WebJWTToken.csproj", "{8F249829-E1F0-4D13-BDCE-E005D5A7AC6B}"
EndProject
Global
	GlobalSection(SolutionConfigurationPlatforms) = preSolution
		Debug|Any CPU = Debug|Any CPU
		Release|Any CPU = Release|Any CPU
	EndGlobalSection
	GlobalSection(ProjectConfigurationPlatforms) = postSolution
		{8F249829-E1F0-4D13-BDCE-E005D5A7AC6B}.Debug|Any CPU.ActiveCfg = Debug|Any CPU
		{8F249829-E1F0-4D13-BDCE-E005D5A7AC6B}.Debug|Any CPU.Build.0 = Debug|Any CPU
		{8F249829-E1F0-4D13-BDCE-E005D5A7AC6B}.Release|Any CPU.ActiveCfg = Release|Any CPU
		{8F249829-E1F0-4D13-BDCE-E005D5A7AC6B}.Release|Any CPU.Build.0 = Release|Any CPU
	EndGlobalSection
	GlobalSection(SolutionProperties) = preSolution
		HideSolutionNode = FALSE
	EndGlobalSection
	GlobalSection(ExtensibilityGlobals) = postSolution
		SolutionGuid = {D602A741-2BB3-47BA-9275-1D9A97994C0C}
	EndGlobalSection
EndGlobal
